// !$*UTF8*$!
{
	archiveVersion = 1;
	classes = {
	};
	objectVersion = 55;
	objects = {

/* Begin PBXFileReference section */
		8280AE1328F827E000BF26E4 /* ex1.sh */ = {isa = PBXFileReference; lastKnownFileType = text.script.sh; path = ex1.sh; sourceTree = "<group>"; };
/* End PBXFileReference section */

/* Begin PBXGroup section */
		8280AE0C28F827CC00BF26E4 = {
			isa = PBXGroup;
			children = (
				8280AE1328F827E000BF26E4 /* ex1.sh */,
			);
			sourceTree = "<group>";
		};
/* End PBXGroup section */

/* Begin PBXProject section */
		8280AE0D28F827CC00BF26E4 /* Project object */ = {
			isa = PBXProject;
			attributes = {
				BuildIndependentTargetsInParallel = 1;
				LastUpgradeCheck = 1340;
			};
			buildConfigurationList = 8280AE1028F827CC00BF26E4 /* Build configuration list for PBXProject "Ex 1" */;
			compatibilityVersion = "Xcode 13.0";
			developmentRegion = en;
			hasScannedForEncodings = 0;
			knownRegions = (
				en,
				Base,
			);
			mainGroup = 8280AE0C28F827CC00BF26E4;
			projectDirPath = "";
			projectRoot = "";
			targets = (
			);
		};
/* End PBXProject section */

/* Begin XCBuildConfiguration section */
		8280AE1128F827CC00BF26E4 /* Debug */ = {
			isa = XCBuildConfiguration;
			buildSettings = {
			};
			name = Debug;
		};
		8280AE1228F827CC00BF26E4 /* Release */ = {
			isa = XCBuildConfiguration;
			buildSettings = {
			};
			name = Release;
		};
/* End XCBuildConfiguration section */

/* Begin XCConfigurationList section */
		8280AE1028F827CC00BF26E4 /* Build configuration list for PBXProject "Ex 1" */ = {
			isa = XCConfigurationList;
			buildConfigurations = (
				8280AE1128F827CC00BF26E4 /* Debug */,
				8280AE1228F827CC00BF26E4 /* Release */,
			);
			defaultConfigurationIsVisible = 0;
			defaultConfigurationName = Release;
		};
/* End XCConfigurationList section */
	};
	rootObject = 8280AE0D28F827CC00BF26E4 /* Project object */;
}
