// !$*UTF8*$!
{
	archiveVersion = 1;
	classes = {
	};
	objectVersion = 55;
	objects = {

/* Begin PBXFileReference section */
		82E9C23928F9584500970AF3 /* Passing arguments.sh */ = {isa = PBXFileReference; lastKnownFileType = text.script.sh; path = "Passing arguments.sh"; sourceTree = "<group>"; };
/* End PBXFileReference section */

/* Begin PBXGroup section */
		82E9C23228F9583000970AF3 = {
			isa = PBXGroup;
			children = (
				82E9C23928F9584500970AF3 /* Passing arguments.sh */,
			);
			sourceTree = "<group>";
		};
/* End PBXGroup section */

/* Begin PBXProject section */
		82E9C23328F9583000970AF3 /* Project object */ = {
			isa = PBXProject;
			attributes = {
				BuildIndependentTargetsInParallel = 1;
				LastUpgradeCheck = 1340;
			};
			buildConfigurationList = 82E9C23628F9583000970AF3 /* Build configuration list for PBXProject "Passing arguments" */;
			compatibilityVersion = "Xcode 13.0";
			developmentRegion = en;
			hasScannedForEncodings = 0;
			knownRegions = (
				en,
				Base,
			);
			mainGroup = 82E9C23228F9583000970AF3;
			projectDirPath = "";
			projectRoot = "";
			targets = (
			);
		};
/* End PBXProject section */

/* Begin XCBuildConfiguration section */
		82E9C23728F9583000970AF3 /* Debug */ = {
			isa = XCBuildConfiguration;
			buildSettings = {
			};
			name = Debug;
		};
		82E9C23828F9583000970AF3 /* Release */ = {
			isa = XCBuildConfiguration;
			buildSettings = {
			};
			name = Release;
		};
/* End XCBuildConfiguration section */

/* Begin XCConfigurationList section */
		82E9C23628F9583000970AF3 /* Build configuration list for PBXProject "Passing arguments" */ = {
			isa = XCConfigurationList;
			buildConfigurations = (
				82E9C23728F9583000970AF3 /* Debug */,
				82E9C23828F9583000970AF3 /* Release */,
			);
			defaultConfigurationIsVisible = 0;
			defaultConfigurationName = Release;
		};
/* End XCConfigurationList section */
	};
	rootObject = 82E9C23328F9583000970AF3 /* Project object */;
}
